<?xml version="1.0" encoding="utf-8"?>
<Project ToolsVersion="4.0" xmlns="http://schemas.microsoft.com/developer/msbuild/2003">
  <ItemGroup>
    <Filter Include="Source Files">
      <UniqueIdentifier>{4FC737F1-C7A5-4376-A066-2A32D752A2FF}</UniqueIdentifier>
      <Extensions>cpp;c;cc;cxx;def;odl;idl;hpj;bat;asm;asmx</Extensions>
    </Filter>
    <Filter Include="Header Files">
      <UniqueIdentifier>{93995380-89BD-4b04-88EB-625FBE52EBFB}</UniqueIdentifier>
      <Extensions>h;hh;hpp;hxx;hm;inl;inc;ipp;xsd</Extensions>
    </Filter>
    <Filter Include="Resource Files">
      <UniqueIdentifier>{67DA6AB6-F800-4c08-8B7A-83BB121AAD01}</UniqueIdentifier>
      <Extensions>rc;ico;cur;bmp;dlg;rc2;rct;bin;rgs;gif;jpg;jpeg;jpe;resx;tiff;tif;png;wav;mfcribbon-ms</Extensions>
    </Filter>
    <Filter Include="Header Files\Algorithms">
      <UniqueIdentifier>{64d0f987-e889-4b0f-8d16-6107c3bafe0c}</UniqueIdentifier>
    </Filter>
    <Filter Include="Source Files\Algorithms">
      <UniqueIdentifier>{3248534f-a22c-4726-8b60-2a41ce6909ee}</UniqueIdentifier>
    </Filter>
    <Filter Include="Header Files\Algorithms\Maze_solvers">
      <UniqueIdentifier>{352682ea-7420-4baa-8571-af215aac0518}</UniqueIdentifier>
    </Filter>
    <Filter Include="Header Files\Algorithms\Maze_generator">
      <UniqueIdentifier>{f75e0400-19f1-4f0b-b7d1-4cce57a425fb}</UniqueIdentifier>
    </Filter>
    <Filter Include="Source Files\Algorithms\Maze_solvers">
      <UniqueIdentifier>{478a7df0-1884-459e-a311-5d5243c2ac8f}</UniqueIdentifier>
    </Filter>
    <Filter Include="Source Files\Algorithms\Maze_generator">
      <UniqueIdentifier>{3c635652-dab2-4ee0-a24e-86772c6e94df}</UniqueIdentifier>
    </Filter>
  </ItemGroup>
  <ItemGroup>
    <ClInclude Include="stdafx.h">
      <Filter>Header Files</Filter>
    </ClInclude>
    <ClInclude Include="targetver.h">
      <Filter>Header Files</Filter>
    </ClInclude>
    <ClInclude Include="Resource.h">
      <Filter>Header Files</Filter>
    </ClInclude>
    <ClInclude Include="Node.hpp">
      <Filter>Header Files</Filter>
    </ClInclude>
    <ClInclude Include="guicon.hpp">
      <Filter>Header Files</Filter>
    </ClInclude>
    <ClInclude Include="main.h">
      <Filter>Header Files</Filter>
    </ClInclude>
    <ClInclude Include="Grid.hpp">
      <Filter>Header Files</Filter>
    </ClInclude>
    <ClInclude Include="Algorithm.hpp">
      <Filter>Header Files\Algorithms</Filter>
    </ClInclude>
    <ClInclude Include="Dummy.hpp">
      <Filter>Header Files\Algorithms</Filter>
    </ClInclude>
    <ClInclude Include="Header.h">
      <Filter>Header Files</Filter>
    </ClInclude>
    <ClInclude Include="A_Star.hpp">
      <Filter>Header Files\Algorithms\Maze_solvers</Filter>
    </ClInclude>
    <ClInclude Include="Recursive_backtracker.hpp">
      <Filter>Header Files\Algorithms\Maze_generator</Filter>
    </ClInclude>
    <ClInclude Include="Recursive_division.hpp">
      <Filter>Header Files\Algorithms\Maze_generator</Filter>
    </ClInclude>
  </ItemGroup>
  <ItemGroup>
    <ClCompile Include="Node.cpp">
      <Filter>Source Files</Filter>
    </ClCompile>
    <ClCompile Include="Grid.cpp">
      <Filter>Source Files</Filter>
    </ClCompile>
    <ClCompile Include="guicon.cpp">
      <Filter>Source Files</Filter>
    </ClCompile>
    <ClCompile Include="main.cpp">
      <Filter>Source Files</Filter>
    </ClCompile>
    <ClCompile Include="Algorithm.cpp">
      <Filter>Source Files\Algorithms</Filter>
    </ClCompile>
    <ClCompile Include="Dummy.cpp">
      <Filter>Source Files\Algorithms</Filter>
    </ClCompile>
    <ClCompile Include="A_Star.cpp">
      <Filter>Source Files\Algorithms\Maze_solvers</Filter>
    </ClCompile>
    <ClCompile Include="Recursive_backtracker.cpp">
      <Filter>Source Files\Algorithms\Maze_generator</Filter>
    </ClCompile>
    <ClCompile Include="Recursive_division.cpp">
      <Filter>Source Files\Algorithms\Maze_generator</Filter>
    </ClCompile>
  </ItemGroup>
  <ItemGroup>
    <ResourceCompile Include="Expo_science.rc">
      <Filter>Resource Files</Filter>
    </ResourceCompile>
  </ItemGroup>
  <ItemGroup>
    <Image Include="small.ico">
      <Filter>Resource Files</Filter>
    </Image>
    <Image Include="Expo_science.ico">
      <Filter>Resource Files</Filter>
    </Image>
  </ItemGroup>
</Project>